// !$*UTF8*$!
{
	archiveVersion = 1;
	classes = {
	};
	objectVersion = 56;
	objects = {

/* Begin PBXBuildFile section */
		BBF18ABE2960A1510056A86E /* Medidor Temperatura Watch App.app in Embed Watch Content */ = {isa = PBXBuildFile; fileRef = BBF18ABD2960A1510056A86E /* Medidor Temperatura Watch App.app */; settings = {ATTRIBUTES = (RemoveHeadersOnCopy, ); }; };
		BBF18AC32960A1510056A86E /* Medidor_TemperaturaApp.swift in Sources */ = {isa = PBXBuildFile; fileRef = BBF18AC22960A1510056A86E /* Medidor_TemperaturaApp.swift */; };
		BBF18AC52960A1510056A86E /* ContentView.swift in Sources */ = {isa = PBXBuildFile; fileRef = BBF18AC42960A1510056A86E /* ContentView.swift */; };
		BBF18AC72960A1510056A86E /* Assets.xcassets in Resources */ = {isa = PBXBuildFile; fileRef = BBF18AC62960A1510056A86E /* Assets.xcassets */; };
		BBF18ACA2960A1510056A86E /* Preview Assets.xcassets in Resources */ = {isa = PBXBuildFile; fileRef = BBF18AC92960A1510056A86E /* Preview Assets.xcassets */; };
/* End PBXBuildFile section */

/* Begin PBXContainerItemProxy section */
		BBF18ABF2960A1510056A86E /* PBXContainerItemProxy */ = {
			isa = PBXContainerItemProxy;
			containerPortal = BBF18AB12960A1510056A86E /* Project object */;
			proxyType = 1;
			remoteGlobalIDString = BBF18ABC2960A1510056A86E;
			remoteInfo = "Medidor Temperatura Watch App";
		};
/* End PBXContainerItemProxy section */

/* Begin PBXCopyFilesBuildPhase section */
		BBF18AD02960A1510056A86E /* Embed Watch Content */ = {
			isa = PBXCopyFilesBuildPhase;
			buildActionMask = 2147483647;
			dstPath = "$(CONTENTS_FOLDER_PATH)/Watch";
			dstSubfolderSpec = 16;
			files = (
				BBF18ABE2960A1510056A86E /* Medidor Temperatura Watch App.app in Embed Watch Content */,
			);
			name = "Embed Watch Content";
			runOnlyForDeploymentPostprocessing = 0;
		};
/* End PBXCopyFilesBuildPhase section */

/* Begin PBXFileReference section */
		BBF18AB72960A1510056A86E /* Medidor Temperatura.app */ = {isa = PBXFileReference; explicitFileType = wrapper.application; includeInIndex = 0; path = "Medidor Temperatura.app"; sourceTree = BUILT_PRODUCTS_DIR; };
		BBF18ABD2960A1510056A86E /* Medidor Temperatura Watch App.app */ = {isa = PBXFileReference; explicitFileType = wrapper.application; includeInIndex = 0; path = "Medidor Temperatura Watch App.app"; sourceTree = BUILT_PRODUCTS_DIR; };
		BBF18AC22960A1510056A86E /* Medidor_TemperaturaApp.swift */ = {isa = PBXFileReference; lastKnownFileType = sourcecode.swift; path = Medidor_TemperaturaApp.swift; sourceTree = "<group>"; };
		BBF18AC42960A1510056A86E /* ContentView.swift */ = {isa = PBXFileReference; lastKnownFileType = sourcecode.swift; path = ContentView.swift; sourceTree = "<group>"; };
		BBF18AC62960A1510056A86E /* Assets.xcassets */ = {isa = PBXFileReference; lastKnownFileType = folder.assetcatalog; path = Assets.xcassets; sourceTree = "<group>"; };
		BBF18AC92960A1510056A86E /* Preview Assets.xcassets */ = {isa = PBXFileReference; lastKnownFileType = folder.assetcatalog; path = "Preview Assets.xcassets"; sourceTree = "<group>"; };
/* End PBXFileReference section */

/* Begin PBXFrameworksBuildPhase section */
		BBF18ABA2960A1510056A86E /* Frameworks */ = {
			isa = PBXFrameworksBuildPhase;
			buildActionMask = 2147483647;
			files = (
			);
			runOnlyForDeploymentPostprocessing = 0;
		};
/* End PBXFrameworksBuildPhase section */

/* Begin PBXGroup section */
		BBF18AB02960A1510056A86E = {
			isa = PBXGroup;
			children = (
				BBF18AC12960A1510056A86E /* Medidor Temperatura Watch App */,
				BBF18AB82960A1510056A86E /* Products */,
			);
			sourceTree = "<group>";
		};
		BBF18AB82960A1510056A86E /* Products */ = {
			isa = PBXGroup;
			children = (
				BBF18AB72960A1510056A86E /* Medidor Temperatura.app */,
				BBF18ABD2960A1510056A86E /* Medidor Temperatura Watch App.app */,
			);
			name = Products;
			sourceTree = "<group>";
		};
		BBF18AC12960A1510056A86E /* Medidor Temperatura Watch App */ = {
			isa = PBXGroup;
			children = (
				BBF18AC22960A1510056A86E /* Medidor_TemperaturaApp.swift */,
				BBF18AC42960A1510056A86E /* ContentView.swift */,
				BBF18AC62960A1510056A86E /* Assets.xcassets */,
				BBF18AC82960A1510056A86E /* Preview Content */,
			);
			path = "Medidor Temperatura Watch App";
			sourceTree = "<group>";
		};
		BBF18AC82960A1510056A86E /* Preview Content */ = {
			isa = PBXGroup;
			children = (
				BBF18AC92960A1510056A86E /* Preview Assets.xcassets */,
			);
			path = "Preview Content";
			sourceTree = "<group>";
		};
/* End PBXGroup section */

/* Begin PBXNativeTarget section */
		BBF18AB62960A1510056A86E /* Medidor Temperatura */ = {
			isa = PBXNativeTarget;
			buildConfigurationList = BBF18AD12960A1510056A86E /* Build configuration list for PBXNativeTarget "Medidor Temperatura" */;
			buildPhases = (
				BBF18AB52960A1510056A86E /* Resources */,
				BBF18AD02960A1510056A86E /* Embed Watch Content */,
			);
			buildRules = (
			);
			dependencies = (
				BBF18AC02960A1510056A86E /* PBXTargetDependency */,
			);
			name = "Medidor Temperatura";
			productName = "Medidor Temperatura";
			productReference = BBF18AB72960A1510056A86E /* Medidor Temperatura.app */;
			productType = "com.apple.product-type.application.watchapp2-container";
		};
		BBF18ABC2960A1510056A86E /* Medidor Temperatura Watch App */ = {
			isa = PBXNativeTarget;
			buildConfigurationList = BBF18ACD2960A1510056A86E /* Build configuration list for PBXNativeTarget "Medidor Temperatura Watch App" */;
			buildPhases = (
				BBF18AB92960A1510056A86E /* Sources */,
				BBF18ABA2960A1510056A86E /* Frameworks */,
				BBF18ABB2960A1510056A86E /* Resources */,
			);
			buildRules = (
			);
			dependencies = (
			);
			name = "Medidor Temperatura Watch App";
			productName = "Medidor Temperatura Watch App";
			productReference = BBF18ABD2960A1510056A86E /* Medidor Temperatura Watch App.app */;
			productType = "com.apple.product-type.application";
		};
/* End PBXNativeTarget section */

/* Begin PBXProject section */
		BBF18AB12960A1510056A86E /* Project object */ = {
			isa = PBXProject;
			attributes = {
				BuildIndependentTargetsInParallel = 1;
				LastSwiftUpdateCheck = 1420;
				LastUpgradeCheck = 1420;
				TargetAttributes = {
					BBF18AB62960A1510056A86E = {
						CreatedOnToolsVersion = 14.2;
					};
					BBF18ABC2960A1510056A86E = {
						CreatedOnToolsVersion = 14.2;
					};
				};
			};
			buildConfigurationList = BBF18AB42960A1510056A86E /* Build configuration list for PBXProject "Medidor Temperatura" */;
			compatibilityVersion = "Xcode 14.0";
			developmentRegion = en;
			hasScannedForEncodings = 0;
			knownRegions = (
				en,
				Base,
			);
			mainGroup = BBF18AB02960A1510056A86E;
			productRefGroup = BBF18AB82960A1510056A86E /* Products */;
			projectDirPath = "";
			projectRoot = "";
			targets = (
				BBF18AB62960A1510056A86E /* Medidor Temperatura */,
				BBF18ABC2960A1510056A86E /* Medidor Temperatura Watch App */,
			);
		};
/* End PBXProject section */

/* Begin PBXResourcesBuildPhase section */
		BBF18AB52960A1510056A86E /* Resources */ = {
			isa = PBXResourcesBuildPhase;
			buildActionMask = 2147483647;
			files = (
			);
			runOnlyForDeploymentPostprocessing = 0;
		};
		BBF18ABB2960A1510056A86E /* Resources */ = {
			isa = PBXResourcesBuildPhase;
			buildActionMask = 2147483647;
			files = (
				BBF18ACA2960A1510056A86E /* Preview Assets.xcassets in Resources */,
				BBF18AC72960A1510056A86E /* Assets.xcassets in Resources */,
			);
			runOnlyForDeploymentPostprocessing = 0;
		};
/* End PBXResourcesBuildPhase section */

/* Begin PBXSourcesBuildPhase section */
		BBF18AB92960A1510056A86E /* Sources */ = {
			isa = PBXSourcesBuildPhase;
			buildActionMask = 2147483647;
			files = (
				BBF18AC52960A1510056A86E /* ContentView.swift in Sources */,
				BBF18AC32960A1510056A86E /* Medidor_TemperaturaApp.swift in Sources */,
			);
			runOnlyForDeploymentPostprocessing = 0;
		};
/* End PBXSourcesBuildPhase section */

/* Begin PBXTargetDependency section */
		BBF18AC02960A1510056A86E /* PBXTargetDependency */ = {
			isa = PBXTargetDependency;
			target = BBF18ABC2960A1510056A86E /* Medidor Temperatura Watch App */;
			targetProxy = BBF18ABF2960A1510056A86E /* PBXContainerItemProxy */;
		};
/* End PBXTargetDependency section */

/* Begin XCBuildConfiguration section */
		BBF18ACB2960A1510056A86E /* Debug */ = {
			isa = XCBuildConfiguration;
			buildSettings = {
				ALWAYS_SEARCH_USER_PATHS = NO;
				CLANG_ANALYZER_NONNULL = YES;
				CLANG_ANALYZER_NUMBER_OBJECT_CONVERSION = YES_AGGRESSIVE;
				CLANG_CXX_LANGUAGE_STANDARD = "gnu++20";
				CLANG_ENABLE_MODULES = YES;
				CLANG_ENABLE_OBJC_ARC = YES;
				CLANG_ENABLE_OBJC_WEAK = YES;
				CLANG_WARN_BLOCK_CAPTURE_AUTORELEASING = YES;
				CLANG_WARN_BOOL_CONVERSION = YES;
				CLANG_WARN_COMMA = YES;
				CLANG_WARN_CONSTANT_CONVERSION = YES;
				CLANG_WARN_DEPRECATED_OBJC_IMPLEMENTATIONS = YES;
				CLANG_WARN_DIRECT_OBJC_ISA_USAGE = YES_ERROR;
				CLANG_WARN_DOCUMENTATION_COMMENTS = YES;
				CLANG_WARN_EMPTY_BODY = YES;
				CLANG_WARN_ENUM_CONVERSION = YES;
				CLANG_WARN_INFINITE_RECURSION = YES;
				CLANG_WARN_INT_CONVERSION = YES;
				CLANG_WARN_NON_LITERAL_NULL_CONVERSION = YES;
				CLANG_WARN_OBJC_IMPLICIT_RETAIN_SELF = YES;
				CLANG_WARN_OBJC_LITERAL_CONVERSION = YES;
				CLANG_WARN_OBJC_ROOT_CLASS = YES_ERROR;
				CLANG_WARN_QUOTED_INCLUDE_IN_FRAMEWORK_HEADER = YES;
				CLANG_WARN_RANGE_LOOP_ANALYSIS = YES;
				CLANG_WARN_STRICT_PROTOTYPES = YES;
				CLANG_WARN_SUSPICIOUS_MOVE = YES;
				CLANG_WARN_UNGUARDED_AVAILABILITY = YES_AGGRESSIVE;
				CLANG_WARN_UNREACHABLE_CODE = YES;
				CLANG_WARN__DUPLICATE_METHOD_MATCH = YES;
				COPY_PHASE_STRIP = NO;
				DEBUG_INFORMATION_FORMAT = dwarf;
				ENABLE_STRICT_OBJC_MSGSEND = YES;
				ENABLE_TESTABILITY = YES;
				GCC_C_LANGUAGE_STANDARD = gnu11;
				GCC_DYNAMIC_NO_PIC = NO;
				GCC_NO_COMMON_BLOCKS = YES;
				GCC_OPTIMIZATION_LEVEL = 0;
				GCC_PREPROCESSOR_DEFINITIONS = (
					"DEBUG=1",
					"$(inherited)",
				);
				GCC_WARN_64_TO_32_BIT_CONVERSION = YES;
				GCC_WARN_ABOUT_RETURN_TYPE = YES_ERROR;
				GCC_WARN_UNDECLARED_SELECTOR = YES;
				GCC_WARN_UNINITIALIZED_AUTOS = YES_AGGRESSIVE;
				GCC_WARN_UNUSED_FUNCTION = YES;
				GCC_WARN_UNUSED_VARIABLE = YES;
				MTL_ENABLE_DEBUG_INFO = INCLUDE_SOURCE;
				MTL_FAST_MATH = YES;
				ONLY_ACTIVE_ARCH = YES;
				SWIFT_ACTIVE_COMPILATION_CONDITIONS = DEBUG;
				SWIFT_OPTIMIZATION_LEVEL = "-Onone";
			};
			name = Debug;
		};
		BBF18ACC2960A1510056A86E /* Release */ = {
			isa = XCBuildConfiguration;
			buildSettings = {
				ALWAYS_SEARCH_USER_PATHS = NO;
				CLANG_ANALYZER_NONNULL = YES;
				CLANG_ANALYZER_NUMBER_OBJECT_CONVERSION = YES_AGGRESSIVE;
				CLANG_CXX_LANGUAGE_STANDARD = "gnu++20";
				CLANG_ENABLE_MODULES = YES;
				CLANG_ENABLE_OBJC_ARC = YES;
				CLANG_ENABLE_OBJC_WEAK = YES;
				CLANG_WARN_BLOCK_CAPTURE_AUTORELEASING = YES;
				CLANG_WARN_BOOL_CONVERSION = YES;
				CLANG_WARN_COMMA = YES;
				CLANG_WARN_CONSTANT_CONVERSION = YES;
				CLANG_WARN_DEPRECATED_OBJC_IMPLEMENTATIONS = YES;
				CLANG_WARN_DIRECT_OBJC_ISA_USAGE = YES_ERROR;
				CLANG_WARN_DOCUMENTATION_COMMENTS = YES;
				CLANG_WARN_EMPTY_BODY = YES;
				CLANG_WARN_ENUM_CONVERSION = YES;
				CLANG_WARN_INFINITE_RECURSION = YES;
				CLANG_WARN_INT_CONVERSION = YES;
				CLANG_WARN_NON_LITERAL_NULL_CONVERSION = YES;
				CLANG_WARN_OBJC_IMPLICIT_RETAIN_SELF = YES;
				CLANG_WARN_OBJC_LITERAL_CONVERSION = YES;
				CLANG_WARN_OBJC_ROOT_CLASS = YES_ERROR;
				CLANG_WARN_QUOTED_INCLUDE_IN_FRAMEWORK_HEADER = YES;
				CLANG_WARN_RANGE_LOOP_ANALYSIS = YES;
				CLANG_WARN_STRICT_PROTOTYPES = YES;
				CLANG_WARN_SUSPICIOUS_MOVE = YES;
				CLANG_WARN_UNGUARDED_AVAILABILITY = YES_AGGRESSIVE;
				CLANG_WARN_UNREACHABLE_CODE = YES;
				CLANG_WARN__DUPLICATE_METHOD_MATCH = YES;
				COPY_PHASE_STRIP = NO;
				DEBUG_INFORMATION_FORMAT = "dwarf-with-dsym";
				ENABLE_NS_ASSERTIONS = NO;
				ENABLE_STRICT_OBJC_MSGSEND = YES;
				GCC_C_LANGUAGE_STANDARD = gnu11;
				GCC_NO_COMMON_BLOCKS = YES;
				GCC_WARN_64_TO_32_BIT_CONVERSION = YES;
				GCC_WARN_ABOUT_RETURN_TYPE = YES_ERROR;
				GCC_WARN_UNDECLARED_SELECTOR = YES;
				GCC_WARN_UNINITIALIZED_AUTOS = YES_AGGRESSIVE;
				GCC_WARN_UNUSED_FUNCTION = YES;
				GCC_WARN_UNUSED_VARIABLE = YES;
				MTL_ENABLE_DEBUG_INFO = NO;
				MTL_FAST_MATH = YES;
				SWIFT_COMPILATION_MODE = wholemodule;
				SWIFT_OPTIMIZATION_LEVEL = "-O";
			};
			name = Release;
		};
		BBF18ACE2960A1510056A86E /* Debug */ = {
			isa = XCBuildConfiguration;
			buildSettings = {
				ASSETCATALOG_COMPILER_APPICON_NAME = AppIcon;
				ASSETCATALOG_COMPILER_GLOBAL_ACCENT_COLOR_NAME = AccentColor;
				CODE_SIGN_STYLE = Automatic;
				CURRENT_PROJECT_VERSION = 1;
				DEVELOPMENT_ASSET_PATHS = "\"Medidor Temperatura Watch App/Preview Content\"";
				DEVELOPMENT_TEAM = P5XU5D89MG;
				ENABLE_PREVIEWS = YES;
				GENERATE_INFOPLIST_FILE = YES;
				INFOPLIST_KEY_CFBundleDisplayName = "Medidor Temperatura";
				INFOPLIST_KEY_UISupportedInterfaceOrientations = "UIInterfaceOrientationPortrait UIInterfaceOrientationPortraitUpsideDown";
				INFOPLIST_KEY_WKWatchOnly = YES;
				LD_RUNPATH_SEARCH_PATHS = (
					"$(inherited)",
					"@executable_path/Frameworks",
				);
				MARKETING_VERSION = 1.0;
				PRODUCT_BUNDLE_IDENTIFIER = "com.edgarsantos.Medidor-Temperatura.watchkitapp";
				PRODUCT_NAME = "$(TARGET_NAME)";
				SDKROOT = watchos;
				SKIP_INSTALL = YES;
				SWIFT_EMIT_LOC_STRINGS = YES;
				SWIFT_VERSION = 5.0;
				TARGETED_DEVICE_FAMILY = 4;
				WATCHOS_DEPLOYMENT_TARGET = 9.1;
			};
			name = Debug;
		};
		BBF18ACF2960A1510056A86E /* Release */ = {
			isa = XCBuildConfiguration;
			buildSettings = {
				ASSETCATALOG_COMPILER_APPICON_NAME = AppIcon;
				ASSETCATALOG_COMPILER_GLOBAL_ACCENT_COLOR_NAME = AccentColor;
				CODE_SIGN_STYLE = Automatic;
				CURRENT_PROJECT_VERSION = 1;
				DEVELOPMENT_ASSET_PATHS = "\"Medidor Temperatura Watch App/Preview Content\"";
				DEVELOPMENT_TEAM = P5XU5D89MG;
				ENABLE_PREVIEWS = YES;
				GENERATE_INFOPLIST_FILE = YES;
				INFOPLIST_KEY_CFBundleDisplayName = "Medidor Temperatura";
				INFOPLIST_KEY_UISupportedInterfaceOrientations = "UIInterfaceOrientationPortrait UIInterfaceOrientationPortraitUpsideDown";
				INFOPLIST_KEY_WKWatchOnly = YES;
				LD_RUNPATH_SEARCH_PATHS = (
					"$(inherited)",
					"@executable_path/Frameworks",
				);
				MARKETING_VERSION = 1.0;
				PRODUCT_BUNDLE_IDENTIFIER = "com.edgarsantos.Medidor-Temperatura.watchkitapp";
				PRODUCT_NAME = "$(TARGET_NAME)";
				SDKROOT = watchos;
				SKIP_INSTALL = YES;
				SWIFT_EMIT_LOC_STRINGS = YES;
				SWIFT_VERSION = 5.0;
				TARGETED_DEVICE_FAMILY = 4;
				VALIDATE_PRODUCT = YES;
				WATCHOS_DEPLOYMENT_TARGET = 9.1;
			};
			name = Release;
		};
		BBF18AD22960A1510056A86E /* Debug */ = {
			isa = XCBuildConfiguration;
			buildSettings = {
				ALWAYS_EMBED_SWIFT_STANDARD_LIBRARIES = YES;
				CODE_SIGN_STYLE = Automatic;
				CURRENT_PROJECT_VERSION = 1;
				DEVELOPMENT_TEAM = P5XU5D89MG;
				INFOPLIST_KEY_CFBundleDisplayName = "Medidor Temperatura";
				MARKETING_VERSION = 1.0;
				PRODUCT_BUNDLE_IDENTIFIER = "com.edgarsantos.Medidor-Temperatura";
				PRODUCT_NAME = "$(TARGET_NAME)";
				SDKROOT = iphoneos;
				SWIFT_VERSION = 5.0;
			};
			name = Debug;
		};
		BBF18AD32960A1510056A86E /* Release */ = {
			isa = XCBuildConfiguration;
			buildSettings = {
				ALWAYS_EMBED_SWIFT_STANDARD_LIBRARIES = YES;
				CODE_SIGN_STYLE = Automatic;
				CURRENT_PROJECT_VERSION = 1;
				DEVELOPMENT_TEAM = P5XU5D89MG;
				INFOPLIST_KEY_CFBundleDisplayName = "Medidor Temperatura";
				MARKETING_VERSION = 1.0;
				PRODUCT_BUNDLE_IDENTIFIER = "com.edgarsantos.Medidor-Temperatura";
				PRODUCT_NAME = "$(TARGET_NAME)";
				SDKROOT = iphoneos;
				SWIFT_VERSION = 5.0;
				VALIDATE_PRODUCT = YES;
			};
			name = Release;
		};
/* End XCBuildConfiguration section */

/* Begin XCConfigurationList section */
		BBF18AB42960A1510056A86E /* Build configuration list for PBXProject "Medidor Temperatura" */ = {
			isa = XCConfigurationList;
			buildConfigurations = (
				BBF18ACB2960A1510056A86E /* Debug */,
				BBF18ACC2960A1510056A86E /* Release */,
			);
			defaultConfigurationIsVisible = 0;
			defaultConfigurationName = Release;
		};
		BBF18ACD2960A1510056A86E /* Build configuration list for PBXNativeTarget "Medidor Temperatura Watch App" */ = {
			isa = XCConfigurationList;
			buildConfigurations = (
				BBF18ACE2960A1510056A86E /* Debug */,
				BBF18ACF2960A1510056A86E /* Release */,
			);
			defaultConfigurationIsVisible = 0;
			defaultConfigurationName = Release;
		};
		BBF18AD12960A1510056A86E /* Build configuration list for PBXNativeTarget "Medidor Temperatura" */ = {
			isa = XCConfigurationList;
			buildConfigurations = (
				BBF18AD22960A1510056A86E /* Debug */,
				BBF18AD32960A1510056A86E /* Release */,
			);
			defaultConfigurationIsVisible = 0;
			defaultConfigurationName = Release;
		};
/* End XCConfigurationList section */
	};
	rootObject = BBF18AB12960A1510056A86E /* Project object */;
}
